PODS:
  - AlicloudHTTPDNS (3.4.0)
  - aliyun_httpdns (1.0.2):
    - AlicloudHTTPDNS (= 3.4.0)
    - Flutter
  - Flutter (1.0.0)

DEPENDENCIES:
  - aliyun_httpdns (from `.symlinks/plugins/aliyun_httpdns/ios`)
  - Flutter (from `Flutter`)

SPEC REPOS:
  https://github.com/aliyun/aliyun-specs.git:
    - AlicloudHTTPDNS

EXTERNAL SOURCES:
  aliyun_httpdns:
    :path: ".symlinks/plugins/aliyun_httpdns/ios"
  Flutter:
    :path: Flutter

SPEC CHECKSUMS:
  AlicloudHTTPDNS: bf08cd49a2b9e37f7c4f5b43eb26f7b1a83a34d8
  aliyun_httpdns: 71b17ac81cd1e538c3e56f3951dc1d7b236bd561
  Flutter: e0871f40cf51350855a761d2e70bf5af5b9b5de7

PODFILE CHECKSUM: de0e890c0774b321ae9ce974535140263d5c1ce9

COCOAPODS: 1.16.2
